
Microsoft Visual Studio Solution File, Format Version 12.00
# Visual Studio Version 17
VisualStudioVersion = 17.5.33627.172
MinimumVisualStudioVersion = 10.0.40219.1
Project("{9A19103F-16F7-4668-BE54-9A1E7A4F7556}") = "CodeRushStreamDeck", "CodeRushStreamDeck.csproj", "{D3D39DF0-233D-40DB-89ED-C129A4F114EB}"
EndProject
Global
	GlobalSection(SolutionConfigurationPlatforms) = preSolution
		Debug|Any CPU = Debug|Any CPU
		Debug|x64 = Debug|x64
		Release|Any CPU = Release|Any CPU
		Release|x64 = Release|x64
	EndGlobalSection
	GlobalSection(ProjectConfigurationPlatforms) = postSolution
		{D3D39DF0-233D-40DB-89ED-C129A4F114EB}.Debug|Any CPU.ActiveCfg = Debug|Any CPU
		{D3D39DF0-233D-40DB-89ED-C129A4F114EB}.Debug|Any CPU.Build.0 = Debug|Any CPU
		{D3D39DF0-233D-40DB-89ED-C129A4F114EB}.Debug|x64.ActiveCfg = Debug|Any CPU
		{D3D39DF0-233D-40DB-89ED-C129A4F114EB}.Debug|x64.Build.0 = Debug|Any CPU
		{D3D39DF0-233D-40DB-89ED-C129A4F114EB}.Release|Any CPU.ActiveCfg = Release|Any CPU
		{D3D39DF0-233D-40DB-89ED-C129A4F114EB}.Release|Any CPU.Build.0 = Release|Any CPU
		{D3D39DF0-233D-40DB-89ED-C129A4F114EB}.Release|x64.ActiveCfg = Release|Any CPU
		{D3D39DF0-233D-40DB-89ED-C129A4F114EB}.Release|x64.Build.0 = Release|Any CPU
	EndGlobalSection
	GlobalSection(SolutionProperties) = preSolution
		HideSolutionNode = FALSE
	EndGlobalSection
	GlobalSection(ExtensibilityGlobals) = postSolution
		SolutionGuid = {764C3AA1-4DDE-4CD5-8B05-1EAB7EEB6A62}
	EndGlobalSection
EndGlobal
